
Microsoft Visual Studio Solution File, Format Version 12.00
# Visual Studio Version 17
VisualStudioVersion = 17.8.34408.163
MinimumVisualStudioVersion = 10.0.40219.1
Project("{9A19103F-16F7-4668-BE54-9A1E7A4F7556}") = "Excelify", "Excelify\Excelify.csproj", "{875F0427-C5FD-434E-8B15-EDBF49791CC6}"
EndProject
Project("{9A19103F-16F7-4668-BE54-9A1E7A4F7556}") = "Excelify.API", "Excelify.API\Excelify.API.csproj", "{CD6F049B-A79B-4C65-AB6B-29B795615029}"
EndProject
Global
	GlobalSection(SolutionConfigurationPlatforms) = preSolution
		Debug|Any CPU = Debug|Any CPU
		Release|Any CPU = Release|Any CPU
	EndGlobalSection
	GlobalSection(ProjectConfigurationPlatforms) = postSolution
		{875F0427-C5FD-434E-8B15-EDBF49791CC6}.Debug|Any CPU.ActiveCfg = Debug|Any CPU
		{875F0427-C5FD-434E-8B15-EDBF49791CC6}.Debug|Any CPU.Build.0 = Debug|Any CPU
		{875F0427-C5FD-434E-8B15-EDBF49791CC6}.Release|Any CPU.ActiveCfg = Release|Any CPU
		{875F0427-C5FD-434E-8B15-EDBF49791CC6}.Release|Any CPU.Build.0 = Release|Any CPU
		{CD6F049B-A79B-4C65-AB6B-29B795615029}.Debug|Any CPU.ActiveCfg = Debug|Any CPU
		{CD6F049B-A79B-4C65-AB6B-29B795615029}.Debug|Any CPU.Build.0 = Debug|Any CPU
		{CD6F049B-A79B-4C65-AB6B-29B795615029}.Release|Any CPU.ActiveCfg = Release|Any CPU
		{CD6F049B-A79B-4C65-AB6B-29B795615029}.Release|Any CPU.Build.0 = Release|Any CPU
	EndGlobalSection
	GlobalSection(SolutionProperties) = preSolution
		HideSolutionNode = FALSE
	EndGlobalSection
	GlobalSection(ExtensibilityGlobals) = postSolution
		SolutionGuid = {730AF8EE-D4E3-4525-99D5-362940198A79}
	EndGlobalSection
EndGlobal
